
Microsoft Visual Studio Solution File, Format Version 12.00
# Visual Studio Version 16
VisualStudioVersion = 16.0.31729.503
MinimumVisualStudioVersion = 10.0.40219.1
Project("{FAE04EC0-301F-11D3-BF4B-00C04F79EFBC}") = "WpfUnitTestsExample", "WpfUnitTestsExample\WpfUnitTestsExample.csproj", "{1CB9F6F0-25B7-488E-86D2-FABB1593E04F}"
EndProject
Project("{FAE04EC0-301F-11D3-BF4B-00C04F79EFBC}") = "WpfUnitTestsExample.Tests", "WpfUnitTestsExample.Tests\WpfUnitTestsExample.Tests.csproj", "{A619D0C0-AEE1-4763-A817-5D28631281A0}"
EndProject
Global
	GlobalSection(SolutionConfigurationPlatforms) = preSolution
		Debug|Any CPU = Debug|Any CPU
		Release|Any CPU = Release|Any CPU
	EndGlobalSection
	GlobalSection(ProjectConfigurationPlatforms) = postSolution
		{1CB9F6F0-25B7-488E-86D2-FABB1593E04F}.Debug|Any CPU.ActiveCfg = Debug|Any CPU
		{1CB9F6F0-25B7-488E-86D2-FABB1593E04F}.Debug|Any CPU.Build.0 = Debug|Any CPU
		{1CB9F6F0-25B7-488E-86D2-FABB1593E04F}.Release|Any CPU.ActiveCfg = Release|Any CPU
		{1CB9F6F0-25B7-488E-86D2-FABB1593E04F}.Release|Any CPU.Build.0 = Release|Any CPU
		{A619D0C0-AEE1-4763-A817-5D28631281A0}.Debug|Any CPU.ActiveCfg = Debug|Any CPU
		{A619D0C0-AEE1-4763-A817-5D28631281A0}.Debug|Any CPU.Build.0 = Debug|Any CPU
		{A619D0C0-AEE1-4763-A817-5D28631281A0}.Release|Any CPU.ActiveCfg = Release|Any CPU
		{A619D0C0-AEE1-4763-A817-5D28631281A0}.Release|Any CPU.Build.0 = Release|Any CPU
	EndGlobalSection
	GlobalSection(SolutionProperties) = preSolution
		HideSolutionNode = FALSE
	EndGlobalSection
	GlobalSection(ExtensibilityGlobals) = postSolution
		SolutionGuid = {B5D1FB3B-230F-4BE0-B31F-4466573BF7B3}
	EndGlobalSection
EndGlobal
